
Microsoft Visual Studio Solution File, Format Version 12.00
# Visual Studio Version 16
VisualStudioVersion = 16.0.32802.440
MinimumVisualStudioVersion = 10.0.40219.1
Project("{FAE04EC0-301F-11D3-BF4B-00C04F79EFBC}") = "AbstractClass", "AbstractClass\AbstractClass.csproj", "{32331314-D410-4D1E-BA6B-8FBC9D611FD7}"
EndProject
Global
	GlobalSection(SolutionConfigurationPlatforms) = preSolution
		Debug|Any CPU = Debug|Any CPU
		Release|Any CPU = Release|Any CPU
	EndGlobalSection
	GlobalSection(ProjectConfigurationPlatforms) = postSolution
		{32331314-D410-4D1E-BA6B-8FBC9D611FD7}.Debug|Any CPU.ActiveCfg = Debug|Any CPU
		{32331314-D410-4D1E-BA6B-8FBC9D611FD7}.Debug|Any CPU.Build.0 = Debug|Any CPU
		{32331314-D410-4D1E-BA6B-8FBC9D611FD7}.Release|Any CPU.ActiveCfg = Release|Any CPU
		{32331314-D410-4D1E-BA6B-8FBC9D611FD7}.Release|Any CPU.Build.0 = Release|Any CPU
	EndGlobalSection
	GlobalSection(SolutionProperties) = preSolution
		HideSolutionNode = FALSE
	EndGlobalSection
	GlobalSection(ExtensibilityGlobals) = postSolution
		SolutionGuid = {39B5FE26-4E64-4F29-832E-0836E57D0D64}
	EndGlobalSection
EndGlobal
