
Microsoft Visual Studio Solution File, Format Version 12.00
# Visual Studio Version 16
VisualStudioVersion = 16.0.32802.440
MinimumVisualStudioVersion = 10.0.40219.1
Project("{FAE04EC0-301F-11D3-BF4B-00C04F79EFBC}") = "Strings", "Strings\Strings.csproj", "{C30D84D5-5FE1-48E1-B7E9-F0FBE9E2ED3A}"
EndProject
Global
	GlobalSection(SolutionConfigurationPlatforms) = preSolution
		Debug|Any CPU = Debug|Any CPU
		Release|Any CPU = Release|Any CPU
	EndGlobalSection
	GlobalSection(ProjectConfigurationPlatforms) = postSolution
		{C30D84D5-5FE1-48E1-B7E9-F0FBE9E2ED3A}.Debug|Any CPU.ActiveCfg = Debug|Any CPU
		{C30D84D5-5FE1-48E1-B7E9-F0FBE9E2ED3A}.Debug|Any CPU.Build.0 = Debug|Any CPU
		{C30D84D5-5FE1-48E1-B7E9-F0FBE9E2ED3A}.Release|Any CPU.ActiveCfg = Release|Any CPU
		{C30D84D5-5FE1-48E1-B7E9-F0FBE9E2ED3A}.Release|Any CPU.Build.0 = Release|Any CPU
	EndGlobalSection
	GlobalSection(SolutionProperties) = preSolution
		HideSolutionNode = FALSE
	EndGlobalSection
	GlobalSection(ExtensibilityGlobals) = postSolution
		SolutionGuid = {803C48A3-4D9E-47FF-AB89-D7003DDF560D}
	EndGlobalSection
EndGlobal
