
Microsoft Visual Studio Solution File, Format Version 12.00
# Visual Studio Version 16
VisualStudioVersion = 16.0.32802.440
MinimumVisualStudioVersion = 10.0.40219.1
Project("{FAE04EC0-301F-11D3-BF4B-00C04F79EFBC}") = "ListsArrays", "ListsArrays\ListsArrays.csproj", "{45FB2E65-74BB-4963-AA6E-783D8302D5D6}"
EndProject
Global
	GlobalSection(SolutionConfigurationPlatforms) = preSolution
		Debug|Any CPU = Debug|Any CPU
		Release|Any CPU = Release|Any CPU
	EndGlobalSection
	GlobalSection(ProjectConfigurationPlatforms) = postSolution
		{45FB2E65-74BB-4963-AA6E-783D8302D5D6}.Debug|Any CPU.ActiveCfg = Debug|Any CPU
		{45FB2E65-74BB-4963-AA6E-783D8302D5D6}.Debug|Any CPU.Build.0 = Debug|Any CPU
		{45FB2E65-74BB-4963-AA6E-783D8302D5D6}.Release|Any CPU.ActiveCfg = Release|Any CPU
		{45FB2E65-74BB-4963-AA6E-783D8302D5D6}.Release|Any CPU.Build.0 = Release|Any CPU
	EndGlobalSection
	GlobalSection(SolutionProperties) = preSolution
		HideSolutionNode = FALSE
	EndGlobalSection
	GlobalSection(ExtensibilityGlobals) = postSolution
		SolutionGuid = {6C8484EB-3ABE-4974-A484-F457AC7CEBB2}
	EndGlobalSection
EndGlobal
