
Microsoft Visual Studio Solution File, Format Version 12.00
# Visual Studio Version 16
VisualStudioVersion = 16.0.32802.440
MinimumVisualStudioVersion = 10.0.40219.1
Project("{FAE04EC0-301F-11D3-BF4B-00C04F79EFBC}") = "DoWhileAssignment", "DoWhileAssignment\DoWhileAssignment.csproj", "{BCD64792-C871-4385-9318-C6A0F28B0AB8}"
EndProject
Global
	GlobalSection(SolutionConfigurationPlatforms) = preSolution
		Debug|Any CPU = Debug|Any CPU
		Release|Any CPU = Release|Any CPU
	EndGlobalSection
	GlobalSection(ProjectConfigurationPlatforms) = postSolution
		{BCD64792-C871-4385-9318-C6A0F28B0AB8}.Debug|Any CPU.ActiveCfg = Debug|Any CPU
		{BCD64792-C871-4385-9318-C6A0F28B0AB8}.Debug|Any CPU.Build.0 = Debug|Any CPU
		{BCD64792-C871-4385-9318-C6A0F28B0AB8}.Release|Any CPU.ActiveCfg = Release|Any CPU
		{BCD64792-C871-4385-9318-C6A0F28B0AB8}.Release|Any CPU.Build.0 = Release|Any CPU
	EndGlobalSection
	GlobalSection(SolutionProperties) = preSolution
		HideSolutionNode = FALSE
	EndGlobalSection
	GlobalSection(ExtensibilityGlobals) = postSolution
		SolutionGuid = {5823C043-1C2D-4898-8A1F-2B7458DEBD58}
	EndGlobalSection
EndGlobal
